{
  "name": "@fkjs/h5-tool",
  "version": "0.1.0",
  "lockfileVersion": 3,
  "requires": true,
  "packages": {
    "": {
      "name": "@fkjs/h5-tool",
      "version": "0.1.0",
      "license": "MIT",
      "bin": {
        "h5-tool": "bin/h5-tool.js"
      },
      "engines": {
        "node": ">=14"
      }
    }
  }
}
